
Microsoft Visual Studio Solution File, Format Version 12.00
# Visual Studio Version 17
VisualStudioVersion = 17.3.32825.248
MinimumVisualStudioVersion = 10.0.40219.1
Project("{FAE04EC0-301F-11D3-BF4B-00C04F79EFBC}") = "FrontDeskWinForm", "FrontDeskWinForm\FrontDeskWinForm.csproj", "{EC638D39-953E-4971-AC97-C6D13370564A}"
EndProject
Global
	GlobalSection(SolutionConfigurationPlatforms) = preSolution
		Debug|Any CPU = Debug|Any CPU
		Release|Any CPU = Release|Any CPU
	EndGlobalSection
	GlobalSection(ProjectConfigurationPlatforms) = postSolution
		{EC638D39-953E-4971-AC97-C6D13370564A}.Debug|Any CPU.ActiveCfg = Debug|Any CPU
		{EC638D39-953E-4971-AC97-C6D13370564A}.Debug|Any CPU.Build.0 = Debug|Any CPU
		{EC638D39-953E-4971-AC97-C6D13370564A}.Release|Any CPU.ActiveCfg = Release|Any CPU
		{EC638D39-953E-4971-AC97-C6D13370564A}.Release|Any CPU.Build.0 = Release|Any CPU
	EndGlobalSection
	GlobalSection(SolutionProperties) = preSolution
		HideSolutionNode = FALSE
	EndGlobalSection
	GlobalSection(ExtensibilityGlobals) = postSolution
		SolutionGuid = {15B5450F-522A-4BB9-8F43-D3FD46CF74AC}
	EndGlobalSection
EndGlobal
